
Microsoft Visual Studio Solution File, Format Version 12.00
# Visual Studio Version 16
VisualStudioVersion = 16.0.30907.101
MinimumVisualStudioVersion = 10.0.40219.1
Project("{FAE04EC0-301F-11D3-BF4B-00C04F79EFBC}") = "DAL", "DAL\DAL.csproj", "{90F584C5-E4B1-4554-BC5B-C82922202716}"
EndProject
Project("{FAE04EC0-301F-11D3-BF4B-00C04F79EFBC}") = "OlifransWeb", "OlifransWeb\OlifransWeb.csproj", "{C92D2599-B5FB-4DBB-AF5F-73760A27C5A4}"
EndProject
Global
	GlobalSection(SolutionConfigurationPlatforms) = preSolution
		Debug|Any CPU = Debug|Any CPU
		Release|Any CPU = Release|Any CPU
	EndGlobalSection
	GlobalSection(ProjectConfigurationPlatforms) = postSolution
		{90F584C5-E4B1-4554-BC5B-C82922202716}.Debug|Any CPU.ActiveCfg = Debug|Any CPU
		{90F584C5-E4B1-4554-BC5B-C82922202716}.Debug|Any CPU.Build.0 = Debug|Any CPU
		{90F584C5-E4B1-4554-BC5B-C82922202716}.Release|Any CPU.ActiveCfg = Release|Any CPU
		{90F584C5-E4B1-4554-BC5B-C82922202716}.Release|Any CPU.Build.0 = Release|Any CPU
		{C92D2599-B5FB-4DBB-AF5F-73760A27C5A4}.Debug|Any CPU.ActiveCfg = Debug|Any CPU
		{C92D2599-B5FB-4DBB-AF5F-73760A27C5A4}.Debug|Any CPU.Build.0 = Debug|Any CPU
		{C92D2599-B5FB-4DBB-AF5F-73760A27C5A4}.Release|Any CPU.ActiveCfg = Release|Any CPU
		{C92D2599-B5FB-4DBB-AF5F-73760A27C5A4}.Release|Any CPU.Build.0 = Release|Any CPU
	EndGlobalSection
	GlobalSection(SolutionProperties) = preSolution
		HideSolutionNode = FALSE
	EndGlobalSection
	GlobalSection(ExtensibilityGlobals) = postSolution
		SolutionGuid = {2E255CCE-AD3A-4E4F-B4A7-A4EF62059611}
	EndGlobalSection
EndGlobal
